// !$*UTF8*$!
{
	archiveVersion = 1;
	classes = {
	};
	objectVersion = 46;
	objects = {

/* Begin PBXBuildFile section */
		391A76241F2D62ED006C7235 /* AppDelegate.swift in Sources */ = {isa = PBXBuildFile; fileRef = 391A76231F2D62ED006C7235 /* AppDelegate.swift */; };
		391A76261F2D62ED006C7235 /* ViewController.swift in Sources */ = {isa = PBXBuildFile; fileRef = 391A76251F2D62ED006C7235 /* ViewController.swift */; };
		391A76291F2D62ED006C7235 /* Main.storyboard in Resources */ = {isa = PBXBuildFile; fileRef = 391A76271F2D62ED006C7235 /* Main.storyboard */; };
		391A762B1F2D62ED006C7235 /* Assets.xcassets in Resources */ = {isa = PBXBuildFile; fileRef = 391A762A1F2D62ED006C7235 /* Assets.xcassets */; };
		391A762E1F2D62ED006C7235 /* LaunchScreen.storyboard in Resources */ = {isa = PBXBuildFile; fileRef = 391A762C1F2D62ED006C7235 /* LaunchScreen.storyboard */; };
		391A76391F2D66E6006C7235 /* CheckWork730_001.png in Resources */ = {isa = PBXBuildFile; fileRef = 391A76361F2D66E6006C7235 /* CheckWork730_001.png */; };
		391A763A1F2D66E6006C7235 /* CheckWork730_002.png in Resources */ = {isa = PBXBuildFile; fileRef = 391A76371F2D66E6006C7235 /* CheckWork730_002.png */; };
		391A763B1F2D66E6006C7235 /* CheckWork730_003.png in Resources */ = {isa = PBXBuildFile; fileRef = 391A76381F2D66E6006C7235 /* CheckWork730_003.png */; };
/* End PBXBuildFile section */

/* Begin PBXFileReference section */
		391A76201F2D62ED006C7235 /* CheckWork730.app */ = {isa = PBXFileReference; explicitFileType = wrapper.application; includeInIndex = 0; path = CheckWork730.app; sourceTree = BUILT_PRODUCTS_DIR; };
		391A76231F2D62ED006C7235 /* AppDelegate.swift */ = {isa = PBXFileReference; lastKnownFileType = sourcecode.swift; path = AppDelegate.swift; sourceTree = "<group>"; };
		391A76251F2D62ED006C7235 /* ViewController.swift */ = {isa = PBXFileReference; lastKnownFileType = sourcecode.swift; path = ViewController.swift; sourceTree = "<group>"; };
		391A76281F2D62ED006C7235 /* Base */ = {isa = PBXFileReference; lastKnownFileType = file.storyboard; name = Base; path = Base.lproj/Main.storyboard; sourceTree = "<group>"; };
		391A762A1F2D62ED006C7235 /* Assets.xcassets */ = {isa = PBXFileReference; lastKnownFileType = folder.assetcatalog; path = Assets.xcassets; sourceTree = "<group>"; };
		391A762D1F2D62ED006C7235 /* Base */ = {isa = PBXFileReference; lastKnownFileType = file.storyboard; name = Base; path = Base.lproj/LaunchScreen.storyboard; sourceTree = "<group>"; };
		391A762F1F2D62ED006C7235 /* Info.plist */ = {isa = PBXFileReference; lastKnownFileType = text.plist.xml; path = Info.plist; sourceTree = "<group>"; };
		391A76361F2D66E6006C7235 /* CheckWork730_001.png */ = {isa = PBXFileReference; lastKnownFileType = image.png; path = CheckWork730_001.png; sourceTree = "<group>"; };
		391A76371F2D66E6006C7235 /* CheckWork730_002.png */ = {isa = PBXFileReference; lastKnownFileType = image.png; path = CheckWork730_002.png; sourceTree = "<group>"; };
		391A76381F2D66E6006C7235 /* CheckWork730_003.png */ = {isa = PBXFileReference; lastKnownFileType = image.png; path = CheckWork730_003.png; sourceTree = "<group>"; };
/* End PBXFileReference section */

/* Begin PBXFrameworksBuildPhase section */
		391A761D1F2D62EC006C7235 /* Frameworks */ = {
			isa = PBXFrameworksBuildPhase;
			buildActionMask = 2147483647;
			files = (
			);
			runOnlyForDeploymentPostprocessing = 0;
		};
/* End PBXFrameworksBuildPhase section */

/* Begin PBXGroup section */
		391A76171F2D62EC006C7235 = {
			isa = PBXGroup;
			children = (
				391A76221F2D62ED006C7235 /* CheckWork730 */,
				391A76211F2D62ED006C7235 /* Products */,
			);
			sourceTree = "<group>";
		};
		391A76211F2D62ED006C7235 /* Products */ = {
			isa = PBXGroup;
			children = (
				391A76201F2D62ED006C7235 /* CheckWork730.app */,
			);
			name = Products;
			sourceTree = "<group>";
		};
		391A76221F2D62ED006C7235 /* CheckWork730 */ = {
			isa = PBXGroup;
			children = (
				391A76351F2D66E6006C7235 /* Resources */,
				391A76231F2D62ED006C7235 /* AppDelegate.swift */,
				391A76251F2D62ED006C7235 /* ViewController.swift */,
				391A76271F2D62ED006C7235 /* Main.storyboard */,
				391A762A1F2D62ED006C7235 /* Assets.xcassets */,
				391A762C1F2D62ED006C7235 /* LaunchScreen.storyboard */,
				391A762F1F2D62ED006C7235 /* Info.plist */,
			);
			path = CheckWork730;
			sourceTree = "<group>";
		};
		391A76351F2D66E6006C7235 /* Resources */ = {
			isa = PBXGroup;
			children = (
				391A76361F2D66E6006C7235 /* CheckWork730_001.png */,
				391A76371F2D66E6006C7235 /* CheckWork730_002.png */,
				391A76381F2D66E6006C7235 /* CheckWork730_003.png */,
			);
			path = Resources;
			sourceTree = "<group>";
		};
/* End PBXGroup section */

/* Begin PBXNativeTarget section */
		391A761F1F2D62EC006C7235 /* CheckWork730 */ = {
			isa = PBXNativeTarget;
			buildConfigurationList = 391A76321F2D62ED006C7235 /* Build configuration list for PBXNativeTarget "CheckWork730" */;
			buildPhases = (
				391A761C1F2D62EC006C7235 /* Sources */,
				391A761D1F2D62EC006C7235 /* Frameworks */,
				391A761E1F2D62EC006C7235 /* Resources */,
			);
			buildRules = (
			);
			dependencies = (
			);
			name = CheckWork730;
			productName = CheckWork730;
			productReference = 391A76201F2D62ED006C7235 /* CheckWork730.app */;
			productType = "com.apple.product-type.application";
		};
/* End PBXNativeTarget section */

/* Begin PBXProject section */
		391A76181F2D62EC006C7235 /* Project object */ = {
			isa = PBXProject;
			attributes = {
				LastSwiftUpdateCheck = 0830;
				LastUpgradeCheck = 0830;
				ORGANIZATIONNAME = ShinokiRyosei;
				TargetAttributes = {
					391A761F1F2D62EC006C7235 = {
						CreatedOnToolsVersion = 8.3.3;
						DevelopmentTeam = SLHYE76MHB;
						ProvisioningStyle = Automatic;
					};
				};
			};
			buildConfigurationList = 391A761B1F2D62EC006C7235 /* Build configuration list for PBXProject "CheckWork730" */;
			compatibilityVersion = "Xcode 3.2";
			developmentRegion = English;
			hasScannedForEncodings = 0;
			knownRegions = (
				en,
				Base,
			);
			mainGroup = 391A76171F2D62EC006C7235;
			productRefGroup = 391A76211F2D62ED006C7235 /* Products */;
			projectDirPath = "";
			projectRoot = "";
			targets = (
				391A761F1F2D62EC006C7235 /* CheckWork730 */,
			);
		};
/* End PBXProject section */

/* Begin PBXResourcesBuildPhase section */
		391A761E1F2D62EC006C7235 /* Resources */ = {
			isa = PBXResourcesBuildPhase;
			buildActionMask = 2147483647;
			files = (
				391A763B1F2D66E6006C7235 /* CheckWork730_003.png in Resources */,
				391A762E1F2D62ED006C7235 /* LaunchScreen.storyboard in Resources */,
				391A762B1F2D62ED006C7235 /* Assets.xcassets in Resources */,
				391A76391F2D66E6006C7235 /* CheckWork730_001.png in Resources */,
				391A76291F2D62ED006C7235 /* Main.storyboard in Resources */,
				391A763A1F2D66E6006C7235 /* CheckWork730_002.png in Resources */,
			);
			runOnlyForDeploymentPostprocessing = 0;
		};
/* End PBXResourcesBuildPhase section */

/* Begin PBXSourcesBuildPhase section */
		391A761C1F2D62EC006C7235 /* Sources */ = {
			isa = PBXSourcesBuildPhase;
			buildActionMask = 2147483647;
			files = (
				391A76261F2D62ED006C7235 /* ViewController.swift in Sources */,
				391A76241F2D62ED006C7235 /* AppDelegate.swift in Sources */,
			);
			runOnlyForDeploymentPostprocessing = 0;
		};
/* End PBXSourcesBuildPhase section */

/* Begin PBXVariantGroup section */
		391A76271F2D62ED006C7235 /* Main.storyboard */ = {
			isa = PBXVariantGroup;
			children = (
				391A76281F2D62ED006C7235 /* Base */,
			);
			name = Main.storyboard;
			sourceTree = "<group>";
		};
		391A762C1F2D62ED006C7235 /* LaunchScreen.storyboard */ = {
			isa = PBXVariantGroup;
			children = (
				391A762D1F2D62ED006C7235 /* Base */,
			);
			name = LaunchScreen.storyboard;
			sourceTree = "<group>";
		};
/* End PBXVariantGroup section */

/* Begin XCBuildConfiguration section */
		391A76301F2D62ED006C7235 /* Debug */ = {
			isa = XCBuildConfiguration;
			buildSettings = {
				ALWAYS_SEARCH_USER_PATHS = NO;
				CLANG_ANALYZER_NONNULL = YES;
				CLANG_ANALYZER_NUMBER_OBJECT_CONVERSION = YES_AGGRESSIVE;
				CLANG_CXX_LANGUAGE_STANDARD = "gnu++0x";
				CLANG_CXX_LIBRARY = "libc++";
				CLANG_ENABLE_MODULES = YES;
				CLANG_ENABLE_OBJC_ARC = YES;
				CLANG_WARN_BOOL_CONVERSION = YES;
				CLANG_WARN_CONSTANT_CONVERSION = YES;
				CLANG_WARN_DIRECT_OBJC_ISA_USAGE = YES_ERROR;
				CLANG_WARN_DOCUMENTATION_COMMENTS = YES;
				CLANG_WARN_EMPTY_BODY = YES;
				CLANG_WARN_ENUM_CONVERSION = YES;
				CLANG_WARN_INFINITE_RECURSION = YES;
				CLANG_WARN_INT_CONVERSION = YES;
				CLANG_WARN_OBJC_ROOT_CLASS = YES_ERROR;
				CLANG_WARN_SUSPICIOUS_MOVE = YES;
				CLANG_WARN_UNREACHABLE_CODE = YES;
				CLANG_WARN__DUPLICATE_METHOD_MATCH = YES;
				"CODE_SIGN_IDENTITY[sdk=iphoneos*]" = "iPhone Developer";
				COPY_PHASE_STRIP = NO;
				DEBUG_INFORMATION_FORMAT = dwarf;
				ENABLE_STRICT_OBJC_MSGSEND = YES;
				ENABLE_TESTABILITY = YES;
				GCC_C_LANGUAGE_STANDARD = gnu99;
				GCC_DYNAMIC_NO_PIC = NO;
				GCC_NO_COMMON_BLOCKS = YES;
				GCC_OPTIMIZATION_LEVEL = 0;
				GCC_PREPROCESSOR_DEFINITIONS = (
					"DEBUG=1",
					"$(inherited)",
				);
				GCC_WARN_64_TO_32_BIT_CONVERSION = YES;
				GCC_WARN_ABOUT_RETURN_TYPE = YES_ERROR;
				GCC_WARN_UNDECLARED_SELECTOR = YES;
				GCC_WARN_UNINITIALIZED_AUTOS = YES_AGGRESSIVE;
				GCC_WARN_UNUSED_FUNCTION = YES;
				GCC_WARN_UNUSED_VARIABLE = YES;
				IPHONEOS_DEPLOYMENT_TARGET = 10.3;
				MTL_ENABLE_DEBUG_INFO = YES;
				ONLY_ACTIVE_ARCH = YES;
				SDKROOT = iphoneos;
				SWIFT_ACTIVE_COMPILATION_CONDITIONS = DEBUG;
				SWIFT_OPTIMIZATION_LEVEL = "-Onone";
			};
			name = Debug;
		};
		391A76311F2D62ED006C7235 /* Release */ = {
			isa = XCBuildConfiguration;
			buildSettings = {
				ALWAYS_SEARCH_USER_PATHS = NO;
				CLANG_ANALYZER_NONNULL = YES;
				CLANG_ANALYZER_NUMBER_OBJECT_CONVERSION = YES_AGGRESSIVE;
				CLANG_CXX_LANGUAGE_STANDARD = "gnu++0x";
				CLANG_CXX_LIBRARY = "libc++";
				CLANG_ENABLE_MODULES = YES;
				CLANG_ENABLE_OBJC_ARC = YES;
				CLANG_WARN_BOOL_CONVERSION = YES;
				CLANG_WARN_CONSTANT_CONVERSION = YES;
				CLANG_WARN_DIRECT_OBJC_ISA_USAGE = YES_ERROR;
				CLANG_WARN_DOCUMENTATION_COMMENTS = YES;
				CLANG_WARN_EMPTY_BODY = YES;
				CLANG_WARN_ENUM_CONVERSION = YES;
				CLANG_WARN_INFINITE_RECURSION = YES;
				CLANG_WARN_INT_CONVERSION = YES;
				CLANG_WARN_OBJC_ROOT_CLASS = YES_ERROR;
				CLANG_WARN_SUSPICIOUS_MOVE = YES;
				CLANG_WARN_UNREACHABLE_CODE = YES;
				CLANG_WARN__DUPLICATE_METHOD_MATCH = YES;
				"CODE_SIGN_IDENTITY[sdk=iphoneos*]" = "iPhone Developer";
				COPY_PHASE_STRIP = NO;
				DEBUG_INFORMATION_FORMAT = "dwarf-with-dsym";
				ENABLE_NS_ASSERTIONS = NO;
				ENABLE_STRICT_OBJC_MSGSEND = YES;
				GCC_C_LANGUAGE_STANDARD = gnu99;
				GCC_NO_COMMON_BLOCKS = YES;
				GCC_WARN_64_TO_32_BIT_CONVERSION = YES;
				GCC_WARN_ABOUT_RETURN_TYPE = YES_ERROR;
				GCC_WARN_UNDECLARED_SELECTOR = YES;
				GCC_WARN_UNINITIALIZED_AUTOS = YES_AGGRESSIVE;
				GCC_WARN_UNUSED_FUNCTION = YES;
				GCC_WARN_UNUSED_VARIABLE = YES;
				IPHONEOS_DEPLOYMENT_TARGET = 10.3;
				MTL_ENABLE_DEBUG_INFO = NO;
				SDKROOT = iphoneos;
				SWIFT_OPTIMIZATION_LEVEL = "-Owholemodule";
				VALIDATE_PRODUCT = YES;
			};
			name = Release;
		};
		391A76331F2D62ED006C7235 /* Debug */ = {
			isa = XCBuildConfiguration;
			buildSettings = {
				ASSETCATALOG_COMPILER_APPICON_NAME = AppIcon;
				DEVELOPMENT_TEAM = SLHYE76MHB;
				INFOPLIST_FILE = CheckWork730/Info.plist;
				LD_RUNPATH_SEARCH_PATHS = "$(inherited) @executable_path/Frameworks";
				PRODUCT_BUNDLE_IDENTIFIER = tv.shinoki.CheckWork730;
				PRODUCT_NAME = "$(TARGET_NAME)";
				SWIFT_VERSION = 3.0;
			};
			name = Debug;
		};
		391A76341F2D62ED006C7235 /* Release */ = {
			isa = XCBuildConfiguration;
			buildSettings = {
				ASSETCATALOG_COMPILER_APPICON_NAME = AppIcon;
				DEVELOPMENT_TEAM = SLHYE76MHB;
				INFOPLIST_FILE = CheckWork730/Info.plist;
				LD_RUNPATH_SEARCH_PATHS = "$(inherited) @executable_path/Frameworks";
				PRODUCT_BUNDLE_IDENTIFIER = tv.shinoki.CheckWork730;
				PRODUCT_NAME = "$(TARGET_NAME)";
				SWIFT_VERSION = 3.0;
			};
			name = Release;
		};
/* End XCBuildConfiguration section */

/* Begin XCConfigurationList section */
		391A761B1F2D62EC006C7235 /* Build configuration list for PBXProject "CheckWork730" */ = {
			isa = XCConfigurationList;
			buildConfigurations = (
				391A76301F2D62ED006C7235 /* Debug */,
				391A76311F2D62ED006C7235 /* Release */,
			);
			defaultConfigurationIsVisible = 0;
			defaultConfigurationName = Release;
		};
		391A76321F2D62ED006C7235 /* Build configuration list for PBXNativeTarget "CheckWork730" */ = {
			isa = XCConfigurationList;
			buildConfigurations = (
				391A76331F2D62ED006C7235 /* Debug */,
				391A76341F2D62ED006C7235 /* Release */,
			);
			defaultConfigurationIsVisible = 0;
		};
/* End XCConfigurationList section */
	};
	rootObject = 391A76181F2D62EC006C7235 /* Project object */;
}
